
Microsoft Visual Studio Solution File, Format Version 12.00
# Visual Studio Version 16
VisualStudioVersion = 16.0.30320.27
MinimumVisualStudioVersion = 10.0.40219.1
Project("{FAE04EC0-301F-11D3-BF4B-00C04F79EFBC}") = "DevOpsProject", "DevOpsProject\DevOpsProject.csproj", "{A0828236-F7CF-4DE8-A8A7-D0854369FF4A}"
EndProject
Global
	GlobalSection(SolutionConfigurationPlatforms) = preSolution
		Debug|Any CPU = Debug|Any CPU
		Release|Any CPU = Release|Any CPU
	EndGlobalSection
	GlobalSection(ProjectConfigurationPlatforms) = postSolution
		{A0828236-F7CF-4DE8-A8A7-D0854369FF4A}.Debug|Any CPU.ActiveCfg = Debug|Any CPU
		{A0828236-F7CF-4DE8-A8A7-D0854369FF4A}.Debug|Any CPU.Build.0 = Debug|Any CPU
		{A0828236-F7CF-4DE8-A8A7-D0854369FF4A}.Release|Any CPU.ActiveCfg = Release|Any CPU
		{A0828236-F7CF-4DE8-A8A7-D0854369FF4A}.Release|Any CPU.Build.0 = Release|Any CPU
	EndGlobalSection
	GlobalSection(SolutionProperties) = preSolution
		HideSolutionNode = FALSE
	EndGlobalSection
	GlobalSection(ExtensibilityGlobals) = postSolution
		SolutionGuid = {281E6331-7CBE-4756-9A18-9BFF426AA12B}
	EndGlobalSection
EndGlobal
